<?xml version="1.0" encoding="utf-8"?>
<Project ToolsVersion="4.0" xmlns="http://schemas.microsoft.com/developer/msbuild/2003">
  <ItemGroup>
    <Filter Include="Source Files">
      <UniqueIdentifier>{4FC737F1-C7A5-4376-A066-2A32D752A2FF}</UniqueIdentifier>
      <Extensions>cpp;c;cc;cxx;def;odl;idl;hpj;bat;asm;asmx</Extensions>
    </Filter>
    <Filter Include="Header Files">
      <UniqueIdentifier>{93995380-89BD-4b04-88EB-625FBE52EBFB}</UniqueIdentifier>
      <Extensions>h;hh;hpp;hxx;hm;inl;inc;xsd</Extensions>
    </Filter>
    <Filter Include="Resource Files">
      <UniqueIdentifier>{67DA6AB6-F800-4c08-8B7A-83BB121AAD01}</UniqueIdentifier>
      <Extensions>rc;ico;cur;bmp;dlg;rc2;rct;bin;rgs;gif;jpg;jpeg;jpe;resx;tiff;tif;png;wav;mfcribbon-ms</Extensions>
    </Filter>
    <Filter Include="common">
      <UniqueIdentifier>{7baee219-84fc-4519-8c65-914a5d260f73}</UniqueIdentifier>
    </Filter>
    <Filter Include="common\Header Files">
      <UniqueIdentifier>{7373e713-dbfc-4918-9569-4e65570a910e}</UniqueIdentifier>
    </Filter>
    <Filter Include="common\Source Files">
      <UniqueIdentifier>{547e3cfc-564b-4476-82c4-d6d43b29b919}</UniqueIdentifier>
    </Filter>
  </ItemGroup>
  <ItemGroup>
    <ClCompile Include="main.cpp">
      <Filter>Source Files</Filter>
    </ClCompile>
    <ClCompile Include="..\common\EulerCamera.cpp">
      <Filter>common\Source Files</Filter>
    </ClCompile>
    <ClCompile Include="..\common\SingleMeshLoader.cpp">
      <Filter>common\Source Files</Filter>
    </ClCompile>
    <ClCompile Include="..\common\text.cpp">
      <Filter>common\Source Files</Filter>
    </ClCompile>
  </ItemGroup>
  <ItemGroup>
    <ClInclude Include="..\common\Defines.h">
      <Filter>common\Header Files</Filter>
    </ClInclude>
    <ClInclude Include="..\common\EulerCamera.h">
      <Filter>common\Header Files</Filter>
    </ClInclude>
    <ClInclude Include="..\common\Framebuffer.h">
      <Filter>common\Header Files</Filter>
    </ClInclude>
    <ClInclude Include="..\common\Shader.h">
      <Filter>common\Header Files</Filter>
    </ClInclude>
    <ClInclude Include="..\common\Utilities.h">
      <Filter>common\Header Files</Filter>
    </ClInclude>
    <ClInclude Include="..\common\stb_image.h">
      <Filter>common\Header Files</Filter>
    </ClInclude>
    <ClInclude Include="..\common\SingleMeshLoader.h">
      <Filter>common\Header Files</Filter>
    </ClInclude>
    <ClInclude Include="..\common\Antons_maths_funcs.h">
      <Filter>common\Header Files</Filter>
    </ClInclude>
    <ClInclude Include="..\common\text.h">
      <Filter>common\Header Files</Filter>
    </ClInclude>
  </ItemGroup>
</Project>